
Microsoft Visual Studio Solution File, Format Version 12.00
Project("{FAE04EC0-301F-11D3-BF4B-00C04F79EFBC}") = "Az Cognitive", "Az Cognitive\Az Cognitive\Az Cognitive.csproj", "{5B8EEDA6-8A5C-43B3-A8CA-87FD55F35C7D}"
EndProject
Project("{FAE04EC0-301F-11D3-BF4B-00C04F79EFBC}") = "Az Cognitive.Droid", "Az Cognitive\Az Cognitive.Droid\Az Cognitive.Droid.csproj", "{137221D5-55BC-4C87-959D-8C5CAADF564C}"
EndProject
Project("{FAE04EC0-301F-11D3-BF4B-00C04F79EFBC}") = "Az Cognitive.iOS", "Az Cognitive\Az Cognitive.iOS\Az Cognitive.iOS.csproj", "{C25BF433-31F1-4BD8-AE71-6F228EE7B963}"
EndProject
Global
	GlobalSection(SolutionConfigurationPlatforms) = preSolution
		Ad-Hoc|iPhone = Ad-Hoc|iPhone
		AppStore|iPhone = AppStore|iPhone
		Debug|Any CPU = Debug|Any CPU
		Debug|iPhone = Debug|iPhone
		Debug|iPhoneSimulator = Debug|iPhoneSimulator
		Release|Any CPU = Release|Any CPU
		Release|iPhone = Release|iPhone
		Release|iPhoneSimulator = Release|iPhoneSimulator
	EndGlobalSection
	GlobalSection(ProjectConfigurationPlatforms) = postSolution
		{5B8EEDA6-8A5C-43B3-A8CA-87FD55F35C7D}.Ad-Hoc|iPhone.ActiveCfg = Debug|Any CPU
		{5B8EEDA6-8A5C-43B3-A8CA-87FD55F35C7D}.Ad-Hoc|iPhone.Build.0 = Debug|Any CPU
		{5B8EEDA6-8A5C-43B3-A8CA-87FD55F35C7D}.AppStore|iPhone.ActiveCfg = Debug|Any CPU
		{5B8EEDA6-8A5C-43B3-A8CA-87FD55F35C7D}.AppStore|iPhone.Build.0 = Debug|Any CPU
		{5B8EEDA6-8A5C-43B3-A8CA-87FD55F35C7D}.Debug|Any CPU.ActiveCfg = Debug|Any CPU
		{5B8EEDA6-8A5C-43B3-A8CA-87FD55F35C7D}.Debug|Any CPU.Build.0 = Debug|Any CPU
		{5B8EEDA6-8A5C-43B3-A8CA-87FD55F35C7D}.Debug|iPhone.ActiveCfg = Debug|Any CPU
		{5B8EEDA6-8A5C-43B3-A8CA-87FD55F35C7D}.Debug|iPhone.Build.0 = Debug|Any CPU
		{5B8EEDA6-8A5C-43B3-A8CA-87FD55F35C7D}.Debug|iPhoneSimulator.ActiveCfg = Debug|Any CPU
		{5B8EEDA6-8A5C-43B3-A8CA-87FD55F35C7D}.Debug|iPhoneSimulator.Build.0 = Debug|Any CPU
		{5B8EEDA6-8A5C-43B3-A8CA-87FD55F35C7D}.Release|Any CPU.ActiveCfg = Release|Any CPU
		{5B8EEDA6-8A5C-43B3-A8CA-87FD55F35C7D}.Release|Any CPU.Build.0 = Release|Any CPU
		{5B8EEDA6-8A5C-43B3-A8CA-87FD55F35C7D}.Release|iPhone.ActiveCfg = Release|Any CPU
		{5B8EEDA6-8A5C-43B3-A8CA-87FD55F35C7D}.Release|iPhone.Build.0 = Release|Any CPU
		{5B8EEDA6-8A5C-43B3-A8CA-87FD55F35C7D}.Release|iPhoneSimulator.ActiveCfg = Release|Any CPU
		{5B8EEDA6-8A5C-43B3-A8CA-87FD55F35C7D}.Release|iPhoneSimulator.Build.0 = Release|Any CPU
		{137221D5-55BC-4C87-959D-8C5CAADF564C}.Ad-Hoc|iPhone.ActiveCfg = Debug|Any CPU
		{137221D5-55BC-4C87-959D-8C5CAADF564C}.Ad-Hoc|iPhone.Build.0 = Debug|Any CPU
		{137221D5-55BC-4C87-959D-8C5CAADF564C}.Ad-Hoc|iPhone.Deploy.0 = Debug|Any CPU
		{137221D5-55BC-4C87-959D-8C5CAADF564C}.AppStore|iPhone.ActiveCfg = Debug|Any CPU
		{137221D5-55BC-4C87-959D-8C5CAADF564C}.AppStore|iPhone.Build.0 = Debug|Any CPU
		{137221D5-55BC-4C87-959D-8C5CAADF564C}.AppStore|iPhone.Deploy.0 = Debug|Any CPU
		{137221D5-55BC-4C87-959D-8C5CAADF564C}.Debug|Any CPU.ActiveCfg = Debug|Any CPU
		{137221D5-55BC-4C87-959D-8C5CAADF564C}.Debug|Any CPU.Build.0 = Debug|Any CPU
		{137221D5-55BC-4C87-959D-8C5CAADF564C}.Debug|Any CPU.Deploy.0 = Debug|Any CPU
		{137221D5-55BC-4C87-959D-8C5CAADF564C}.Debug|iPhone.ActiveCfg = Debug|Any CPU
		{137221D5-55BC-4C87-959D-8C5CAADF564C}.Debug|iPhone.Build.0 = Debug|Any CPU
		{137221D5-55BC-4C87-959D-8C5CAADF564C}.Debug|iPhone.Deploy.0 = Debug|Any CPU
		{137221D5-55BC-4C87-959D-8C5CAADF564C}.Debug|iPhoneSimulator.ActiveCfg = Debug|Any CPU
		{137221D5-55BC-4C87-959D-8C5CAADF564C}.Debug|iPhoneSimulator.Build.0 = Debug|Any CPU
		{137221D5-55BC-4C87-959D-8C5CAADF564C}.Debug|iPhoneSimulator.Deploy.0 = Debug|Any CPU
		{137221D5-55BC-4C87-959D-8C5CAADF564C}.Release|Any CPU.ActiveCfg = Release|Any CPU
		{137221D5-55BC-4C87-959D-8C5CAADF564C}.Release|Any CPU.Build.0 = Release|Any CPU
		{137221D5-55BC-4C87-959D-8C5CAADF564C}.Release|Any CPU.Deploy.0 = Release|Any CPU
		{137221D5-55BC-4C87-959D-8C5CAADF564C}.Release|iPhone.ActiveCfg = Release|Any CPU
		{137221D5-55BC-4C87-959D-8C5CAADF564C}.Release|iPhone.Build.0 = Release|Any CPU
		{137221D5-55BC-4C87-959D-8C5CAADF564C}.Release|iPhone.Deploy.0 = Release|Any CPU
		{137221D5-55BC-4C87-959D-8C5CAADF564C}.Release|iPhoneSimulator.ActiveCfg = Release|Any CPU
		{137221D5-55BC-4C87-959D-8C5CAADF564C}.Release|iPhoneSimulator.Build.0 = Release|Any CPU
		{137221D5-55BC-4C87-959D-8C5CAADF564C}.Release|iPhoneSimulator.Deploy.0 = Release|Any CPU
		{C25BF433-31F1-4BD8-AE71-6F228EE7B963}.Ad-Hoc|iPhone.ActiveCfg = Ad-Hoc|iPhone
		{C25BF433-31F1-4BD8-AE71-6F228EE7B963}.Ad-Hoc|iPhone.Build.0 = Ad-Hoc|iPhone
		{C25BF433-31F1-4BD8-AE71-6F228EE7B963}.Ad-Hoc|iPhone.Deploy.0 = Ad-Hoc|iPhone
		{C25BF433-31F1-4BD8-AE71-6F228EE7B963}.AppStore|iPhone.ActiveCfg = AppStore|iPhone
		{C25BF433-31F1-4BD8-AE71-6F228EE7B963}.AppStore|iPhone.Build.0 = AppStore|iPhone
		{C25BF433-31F1-4BD8-AE71-6F228EE7B963}.AppStore|iPhone.Deploy.0 = AppStore|iPhone
		{C25BF433-31F1-4BD8-AE71-6F228EE7B963}.Debug|Any CPU.ActiveCfg = Debug|iPhoneSimulator
		{C25BF433-31F1-4BD8-AE71-6F228EE7B963}.Debug|Any CPU.Build.0 = Debug|iPhoneSimulator
		{C25BF433-31F1-4BD8-AE71-6F228EE7B963}.Debug|Any CPU.Deploy.0 = Debug|iPhoneSimulator
		{C25BF433-31F1-4BD8-AE71-6F228EE7B963}.Debug|iPhone.ActiveCfg = Debug|iPhone
		{C25BF433-31F1-4BD8-AE71-6F228EE7B963}.Debug|iPhone.Build.0 = Debug|iPhone
		{C25BF433-31F1-4BD8-AE71-6F228EE7B963}.Debug|iPhone.Deploy.0 = Debug|iPhone
		{C25BF433-31F1-4BD8-AE71-6F228EE7B963}.Debug|iPhoneSimulator.ActiveCfg = Debug|iPhoneSimulator
		{C25BF433-31F1-4BD8-AE71-6F228EE7B963}.Debug|iPhoneSimulator.Build.0 = Debug|iPhoneSimulator
		{C25BF433-31F1-4BD8-AE71-6F228EE7B963}.Debug|iPhoneSimulator.Deploy.0 = Debug|iPhoneSimulator
		{C25BF433-31F1-4BD8-AE71-6F228EE7B963}.Release|Any CPU.ActiveCfg = Release|iPhoneSimulator
		{C25BF433-31F1-4BD8-AE71-6F228EE7B963}.Release|Any CPU.Build.0 = Release|iPhoneSimulator
		{C25BF433-31F1-4BD8-AE71-6F228EE7B963}.Release|Any CPU.Deploy.0 = Release|iPhoneSimulator
		{C25BF433-31F1-4BD8-AE71-6F228EE7B963}.Release|iPhone.ActiveCfg = Release|iPhone
		{C25BF433-31F1-4BD8-AE71-6F228EE7B963}.Release|iPhone.Build.0 = Release|iPhone
		{C25BF433-31F1-4BD8-AE71-6F228EE7B963}.Release|iPhone.Deploy.0 = Release|iPhone
		{C25BF433-31F1-4BD8-AE71-6F228EE7B963}.Release|iPhoneSimulator.ActiveCfg = Release|iPhoneSimulator
		{C25BF433-31F1-4BD8-AE71-6F228EE7B963}.Release|iPhoneSimulator.Build.0 = Release|iPhoneSimulator
		{C25BF433-31F1-4BD8-AE71-6F228EE7B963}.Release|iPhoneSimulator.Deploy.0 = Release|iPhoneSimulator
	EndGlobalSection
EndGlobal
